
Microsoft Visual Studio Solution File, Format Version 12.00
# Visual Studio Version 17
VisualStudioVersion = 17.1.32104.313
MinimumVisualStudioVersion = 10.0.40219.1
Project("{9A19103F-16F7-4668-BE54-9A1E7A4F7556}") = "Buddies.API", "Buddies.API\Buddies.API.csproj", "{F32ADFB2-8C9B-4D57-A58A-A8ED5D3FEB72}"
EndProject
Project("{9A19103F-16F7-4668-BE54-9A1E7A4F7556}") = "Buddies.Tests", "Buddies.Tests\Buddies.Tests.csproj", "{5658F86D-3821-428E-8889-258CE6149F1B}"
EndProject
Project("{9092AA53-FB77-4645-B42D-1CCCA6BD08BD}") = "Buddies.Web", "Buddies.Web\Buddies.Web.njsproj", "{2EBEAB33-CA3D-4908-AF07-4AB2C24D30DF}"
EndProject
Global
	GlobalSection(SolutionConfigurationPlatforms) = preSolution
		Debug|Any CPU = Debug|Any CPU
		Release|Any CPU = Release|Any CPU
	EndGlobalSection
	GlobalSection(ProjectConfigurationPlatforms) = postSolution
		{F32ADFB2-8C9B-4D57-A58A-A8ED5D3FEB72}.Debug|Any CPU.ActiveCfg = Debug|Any CPU
		{F32ADFB2-8C9B-4D57-A58A-A8ED5D3FEB72}.Debug|Any CPU.Build.0 = Debug|Any CPU
		{F32ADFB2-8C9B-4D57-A58A-A8ED5D3FEB72}.Release|Any CPU.ActiveCfg = Release|Any CPU
		{F32ADFB2-8C9B-4D57-A58A-A8ED5D3FEB72}.Release|Any CPU.Build.0 = Release|Any CPU
		{5658F86D-3821-428E-8889-258CE6149F1B}.Debug|Any CPU.ActiveCfg = Debug|Any CPU
		{5658F86D-3821-428E-8889-258CE6149F1B}.Debug|Any CPU.Build.0 = Debug|Any CPU
		{5658F86D-3821-428E-8889-258CE6149F1B}.Release|Any CPU.ActiveCfg = Release|Any CPU
		{5658F86D-3821-428E-8889-258CE6149F1B}.Release|Any CPU.Build.0 = Release|Any CPU
		{2EBEAB33-CA3D-4908-AF07-4AB2C24D30DF}.Debug|Any CPU.ActiveCfg = Debug|Any CPU
		{2EBEAB33-CA3D-4908-AF07-4AB2C24D30DF}.Debug|Any CPU.Build.0 = Debug|Any CPU
		{2EBEAB33-CA3D-4908-AF07-4AB2C24D30DF}.Release|Any CPU.ActiveCfg = Release|Any CPU
		{2EBEAB33-CA3D-4908-AF07-4AB2C24D30DF}.Release|Any CPU.Build.0 = Release|Any CPU
	EndGlobalSection
	GlobalSection(SolutionProperties) = preSolution
		HideSolutionNode = FALSE
	EndGlobalSection
	GlobalSection(ExtensibilityGlobals) = postSolution
		SolutionGuid = {2FBE3108-3515-4CD8-B62A-4930EBEC747E}
	EndGlobalSection
EndGlobal
